{
  "name": "stencila-hub-director",
  "version": "1.0.0",
  "lockfileVersion": 1,
  "requires": true,
  "dependencies": {
    "vue": {
      "version": "2.5.16",
      "resolved": "https://registry.npmjs.org/vue/-/vue-2.5.16.tgz",
      "integrity": "sha512-/ffmsiVuPC8PsWcFkZngdpas19ABm5mh2wA7iDqcltyCTwlgZjHGeJYOXkBMo422iPwIcviOtrTCUpSfXmToLQ=="
    },
    "vue-upload-component": {
      "version": "2.8.10",
      "resolved": "https://registry.npmjs.org/vue-upload-component/-/vue-upload-component-2.8.10.tgz",
      "integrity": "sha512-0+OxaTAaWAIaDyXWUWk1/9zsGHqHfc+t2GbhgF57sf3CQHG86AQRu1NfjHjHNB/eZ5t9dEg+NQ3Z9oCTUAs7Bw=="
    }
  }
}
