{
  "requires": true,
  "lockfileVersion": 1,
  "dependencies": {
    "bulma-helpers": {
      "version": "0.3.6",
      "resolved": "https://registry.npmjs.org/bulma-helpers/-/bulma-helpers-0.3.6.tgz",
      "integrity": "sha512-i5ihHGk9iOPRAMVpijfAfjWPLXHiLBDODXMCPIuA0g885bScZekeDpvsfvHF2uH09KNhFLipTNz6Msj1Dx2GKg=="
    }
  }
}
